
Microsoft Visual Studio Solution File, Format Version 12.00
# Visual Studio Version 17
VisualStudioVersion = 17.2.32616.157
MinimumVisualStudioVersion = 10.0.40219.1
Project("{9A19103F-16F7-4668-BE54-9A1E7A4F7556}") = "Eshop.ApiGateway", "Eshop.ApiGateway\Eshop.ApiGateway.csproj", "{9B3BFC2C-9292-4B3A-A2E4-880E9ED1D1A3}"
EndProject
Project("{FAE04EC0-301F-11D3-BF4B-00C04F79EFBC}") = "Eshop.User.Api", "Eshop.User.Api\Eshop.User.Api.csproj", "{E0071CEF-5FAD-4A8E-9F48-43FE4AE4CB20}"
EndProject
Global
	GlobalSection(SolutionConfigurationPlatforms) = preSolution
		Debug|Any CPU = Debug|Any CPU
		Release|Any CPU = Release|Any CPU
	EndGlobalSection
	GlobalSection(ProjectConfigurationPlatforms) = postSolution
		{9B3BFC2C-9292-4B3A-A2E4-880E9ED1D1A3}.Debug|Any CPU.ActiveCfg = Debug|Any CPU
		{9B3BFC2C-9292-4B3A-A2E4-880E9ED1D1A3}.Debug|Any CPU.Build.0 = Debug|Any CPU
		{9B3BFC2C-9292-4B3A-A2E4-880E9ED1D1A3}.Release|Any CPU.ActiveCfg = Release|Any CPU
		{9B3BFC2C-9292-4B3A-A2E4-880E9ED1D1A3}.Release|Any CPU.Build.0 = Release|Any CPU
		{E0071CEF-5FAD-4A8E-9F48-43FE4AE4CB20}.Debug|Any CPU.ActiveCfg = Debug|Any CPU
		{E0071CEF-5FAD-4A8E-9F48-43FE4AE4CB20}.Debug|Any CPU.Build.0 = Debug|Any CPU
		{E0071CEF-5FAD-4A8E-9F48-43FE4AE4CB20}.Release|Any CPU.ActiveCfg = Release|Any CPU
		{E0071CEF-5FAD-4A8E-9F48-43FE4AE4CB20}.Release|Any CPU.Build.0 = Release|Any CPU
	EndGlobalSection
	GlobalSection(SolutionProperties) = preSolution
		HideSolutionNode = FALSE
	EndGlobalSection
	GlobalSection(ExtensibilityGlobals) = postSolution
		SolutionGuid = {0168B256-134A-4EE7-8A35-72B3D985CFCD}
	EndGlobalSection
EndGlobal
